
Microsoft Visual Studio Solution File, Format Version 12.00
# Visual Studio Version 17
VisualStudioVersion = 17.0.31903.59
MinimumVisualStudioVersion = 10.0.40219.1
Project("{2150E333-8FDC-42A3-9474-1A3956D46DE8}") = "src", "src", "{827E0CD3-B72D-47B6-A68D-7590B98EB39B}"
EndProject
Project("{2150E333-8FDC-42A3-9474-1A3956D46DE8}") = "Solution Items", "Solution Items", "{6C0E7A7E-4D1A-4F7C-8C1A-3F33C9E9E8AB}"
	ProjectSection(SolutionItems) = preProject
		global.json = global.json
		Directory.Packages.props = Directory.Packages.props
		.editorconfig = .editorconfig
		.runsettings = .runsettings
		Directory.Build.props = Directory.Build.props
		.dockerignore = .dockerignore
		.env.example = .env.example
		docker-compose.yml = docker-compose.yml
		Dockerfile = Dockerfile
		LICENSE = LICENSE
		README.md = README.md
	EndProjectSection
EndProject
Project("{FAE04EC0-301F-11D3-BF4B-00C04F79EFBC}") = "FamilyTaskManager.Core", "src\FamilyTaskManager.Core\FamilyTaskManager.Core.csproj", "{6E99747A-7AC0-4EFB-A3AE-62B0D419DCDB}"
EndProject
Project("{FAE04EC0-301F-11D3-BF4B-00C04F79EFBC}") = "FamilyTaskManager.UseCases", "src\FamilyTaskManager.UseCases\FamilyTaskManager.UseCases.csproj", "{7FE39105-3403-4F61-BEB5-81FBAD7B024D}"
EndProject
Project("{FAE04EC0-301F-11D3-BF4B-00C04F79EFBC}") = "FamilyTaskManager.Infrastructure", "src\FamilyTaskManager.Infrastructure\FamilyTaskManager.Infrastructure.csproj", "{E53A213C-9862-4899-813A-2CA101374547}"
EndProject
Project("{FAE04EC0-301F-11D3-BF4B-00C04F79EFBC}") = "FamilyTaskManager.ServiceDefaults", "src\FamilyTaskManager.ServiceDefaults\FamilyTaskManager.ServiceDefaults.csproj", "{351E3E8A-793B-43B7-8D66-39D73C21CDCD}"
EndProject
Project("{FAE04EC0-301F-11D3-BF4B-00C04F79EFBC}") = "FamilyTaskManager.AspireHost", "src\FamilyTaskManager.AspireHost\FamilyTaskManager.AspireHost.csproj", "{60EAE032-D727-4607-9209-62F3B56C6AD3}"
EndProject
Project("{2150E333-8FDC-42A3-9474-1A3956D46DE8}") = "tests", "tests", "{0AB3BF05-4346-4AA6-1389-037BE0695223}"
EndProject
Project("{FAE04EC0-301F-11D3-BF4B-00C04F79EFBC}") = "FamilyTaskManager.UnitTests", "tests\FamilyTaskManager.UnitTests\FamilyTaskManager.UnitTests.csproj", "{3DB2E3FE-BCCD-4A2A-B97F-DBEE92BBEF7B}"
EndProject
Project("{FAE04EC0-301F-11D3-BF4B-00C04F79EFBC}") = "FamilyTaskManager.FunctionalTests", "tests\FamilyTaskManager.FunctionalTests\FamilyTaskManager.FunctionalTests.csproj", "{E6B7FA9C-24A3-4990-9B50-5A1E4B2D514B}"
EndProject
Project("{FAE04EC0-301F-11D3-BF4B-00C04F79EFBC}") = "FamilyTaskManager.IntegrationTests", "tests\FamilyTaskManager.IntegrationTests\FamilyTaskManager.IntegrationTests.csproj", "{A83148CF-71CA-46F5-B873-AED20046B972}"
EndProject
Project("{FAE04EC0-301F-11D3-BF4B-00C04F79EFBC}") = "FamilyTaskManager.AspireTests", "tests\FamilyTaskManager.AspireTests\FamilyTaskManager.AspireTests.csproj", "{9C022DB2-410E-497F-BA27-0D701AE3E509}"
EndProject
Project("{FAE04EC0-301F-11D3-BF4B-00C04F79EFBC}") = "FamilyTaskManager.Host", "src\FamilyTaskManager.Host\FamilyTaskManager.Host.csproj", "{1733FAB3-81DC-4F6D-A484-05F999C70446}"
EndProject
Global
	GlobalSection(SolutionConfigurationPlatforms) = preSolution
		Debug|Any CPU = Debug|Any CPU
		Debug|x64 = Debug|x64
		Debug|x86 = Debug|x86
		Release|Any CPU = Release|Any CPU
		Release|x64 = Release|x64
		Release|x86 = Release|x86
	EndGlobalSection
	GlobalSection(ProjectConfigurationPlatforms) = postSolution
		{6E99747A-7AC0-4EFB-A3AE-62B0D419DCDB}.Debug|Any CPU.ActiveCfg = Debug|Any CPU
		{6E99747A-7AC0-4EFB-A3AE-62B0D419DCDB}.Debug|Any CPU.Build.0 = Debug|Any CPU
		{6E99747A-7AC0-4EFB-A3AE-62B0D419DCDB}.Debug|x64.ActiveCfg = Debug|Any CPU
		{6E99747A-7AC0-4EFB-A3AE-62B0D419DCDB}.Debug|x64.Build.0 = Debug|Any CPU
		{6E99747A-7AC0-4EFB-A3AE-62B0D419DCDB}.Debug|x86.ActiveCfg = Debug|Any CPU
		{6E99747A-7AC0-4EFB-A3AE-62B0D419DCDB}.Debug|x86.Build.0 = Debug|Any CPU
		{6E99747A-7AC0-4EFB-A3AE-62B0D419DCDB}.Release|Any CPU.ActiveCfg = Release|Any CPU
		{6E99747A-7AC0-4EFB-A3AE-62B0D419DCDB}.Release|Any CPU.Build.0 = Release|Any CPU
		{6E99747A-7AC0-4EFB-A3AE-62B0D419DCDB}.Release|x64.ActiveCfg = Release|Any CPU
		{6E99747A-7AC0-4EFB-A3AE-62B0D419DCDB}.Release|x64.Build.0 = Release|Any CPU
		{6E99747A-7AC0-4EFB-A3AE-62B0D419DCDB}.Release|x86.ActiveCfg = Release|Any CPU
		{6E99747A-7AC0-4EFB-A3AE-62B0D419DCDB}.Release|x86.Build.0 = Release|Any CPU
		{7FE39105-3403-4F61-BEB5-81FBAD7B024D}.Debug|Any CPU.ActiveCfg = Debug|Any CPU
		{7FE39105-3403-4F61-BEB5-81FBAD7B024D}.Debug|Any CPU.Build.0 = Debug|Any CPU
		{7FE39105-3403-4F61-BEB5-81FBAD7B024D}.Debug|x64.ActiveCfg = Debug|Any CPU
		{7FE39105-3403-4F61-BEB5-81FBAD7B024D}.Debug|x64.Build.0 = Debug|Any CPU
		{7FE39105-3403-4F61-BEB5-81FBAD7B024D}.Debug|x86.ActiveCfg = Debug|Any CPU
		{7FE39105-3403-4F61-BEB5-81FBAD7B024D}.Debug|x86.Build.0 = Debug|Any CPU
		{7FE39105-3403-4F61-BEB5-81FBAD7B024D}.Release|Any CPU.ActiveCfg = Release|Any CPU
		{7FE39105-3403-4F61-BEB5-81FBAD7B024D}.Release|Any CPU.Build.0 = Release|Any CPU
		{7FE39105-3403-4F61-BEB5-81FBAD7B024D}.Release|x64.ActiveCfg = Release|Any CPU
		{7FE39105-3403-4F61-BEB5-81FBAD7B024D}.Release|x64.Build.0 = Release|Any CPU
		{7FE39105-3403-4F61-BEB5-81FBAD7B024D}.Release|x86.ActiveCfg = Release|Any CPU
		{7FE39105-3403-4F61-BEB5-81FBAD7B024D}.Release|x86.Build.0 = Release|Any CPU
		{E53A213C-9862-4899-813A-2CA101374547}.Debug|Any CPU.ActiveCfg = Debug|Any CPU
		{E53A213C-9862-4899-813A-2CA101374547}.Debug|Any CPU.Build.0 = Debug|Any CPU
		{E53A213C-9862-4899-813A-2CA101374547}.Debug|x64.ActiveCfg = Debug|Any CPU
		{E53A213C-9862-4899-813A-2CA101374547}.Debug|x64.Build.0 = Debug|Any CPU
		{E53A213C-9862-4899-813A-2CA101374547}.Debug|x86.ActiveCfg = Debug|Any CPU
		{E53A213C-9862-4899-813A-2CA101374547}.Debug|x86.Build.0 = Debug|Any CPU
		{E53A213C-9862-4899-813A-2CA101374547}.Release|Any CPU.ActiveCfg = Release|Any CPU
		{E53A213C-9862-4899-813A-2CA101374547}.Release|Any CPU.Build.0 = Release|Any CPU
		{E53A213C-9862-4899-813A-2CA101374547}.Release|x64.ActiveCfg = Release|Any CPU
		{E53A213C-9862-4899-813A-2CA101374547}.Release|x64.Build.0 = Release|Any CPU
		{E53A213C-9862-4899-813A-2CA101374547}.Release|x86.ActiveCfg = Release|Any CPU
		{E53A213C-9862-4899-813A-2CA101374547}.Release|x86.Build.0 = Release|Any CPU
		{351E3E8A-793B-43B7-8D66-39D73C21CDCD}.Debug|Any CPU.ActiveCfg = Debug|Any CPU
		{351E3E8A-793B-43B7-8D66-39D73C21CDCD}.Debug|Any CPU.Build.0 = Debug|Any CPU
		{351E3E8A-793B-43B7-8D66-39D73C21CDCD}.Debug|x64.ActiveCfg = Debug|Any CPU
		{351E3E8A-793B-43B7-8D66-39D73C21CDCD}.Debug|x64.Build.0 = Debug|Any CPU
		{351E3E8A-793B-43B7-8D66-39D73C21CDCD}.Debug|x86.ActiveCfg = Debug|Any CPU
		{351E3E8A-793B-43B7-8D66-39D73C21CDCD}.Debug|x86.Build.0 = Debug|Any CPU
		{351E3E8A-793B-43B7-8D66-39D73C21CDCD}.Release|Any CPU.ActiveCfg = Release|Any CPU
		{351E3E8A-793B-43B7-8D66-39D73C21CDCD}.Release|Any CPU.Build.0 = Release|Any CPU
		{351E3E8A-793B-43B7-8D66-39D73C21CDCD}.Release|x64.ActiveCfg = Release|Any CPU
		{351E3E8A-793B-43B7-8D66-39D73C21CDCD}.Release|x64.Build.0 = Release|Any CPU
		{351E3E8A-793B-43B7-8D66-39D73C21CDCD}.Release|x86.ActiveCfg = Release|Any CPU
		{351E3E8A-793B-43B7-8D66-39D73C21CDCD}.Release|x86.Build.0 = Release|Any CPU
		{60EAE032-D727-4607-9209-62F3B56C6AD3}.Debug|Any CPU.ActiveCfg = Debug|Any CPU
		{60EAE032-D727-4607-9209-62F3B56C6AD3}.Debug|Any CPU.Build.0 = Debug|Any CPU
		{60EAE032-D727-4607-9209-62F3B56C6AD3}.Debug|x64.ActiveCfg = Debug|Any CPU
		{60EAE032-D727-4607-9209-62F3B56C6AD3}.Debug|x64.Build.0 = Debug|Any CPU
		{60EAE032-D727-4607-9209-62F3B56C6AD3}.Debug|x86.ActiveCfg = Debug|Any CPU
		{60EAE032-D727-4607-9209-62F3B56C6AD3}.Debug|x86.Build.0 = Debug|Any CPU
		{60EAE032-D727-4607-9209-62F3B56C6AD3}.Release|Any CPU.ActiveCfg = Release|Any CPU
		{60EAE032-D727-4607-9209-62F3B56C6AD3}.Release|Any CPU.Build.0 = Release|Any CPU
		{60EAE032-D727-4607-9209-62F3B56C6AD3}.Release|x64.ActiveCfg = Release|Any CPU
		{60EAE032-D727-4607-9209-62F3B56C6AD3}.Release|x64.Build.0 = Release|Any CPU
		{60EAE032-D727-4607-9209-62F3B56C6AD3}.Release|x86.ActiveCfg = Release|Any CPU
		{60EAE032-D727-4607-9209-62F3B56C6AD3}.Release|x86.Build.0 = Release|Any CPU
		{3DB2E3FE-BCCD-4A2A-B97F-DBEE92BBEF7B}.Debug|Any CPU.ActiveCfg = Debug|Any CPU
		{3DB2E3FE-BCCD-4A2A-B97F-DBEE92BBEF7B}.Debug|Any CPU.Build.0 = Debug|Any CPU
		{3DB2E3FE-BCCD-4A2A-B97F-DBEE92BBEF7B}.Debug|x64.ActiveCfg = Debug|Any CPU
		{3DB2E3FE-BCCD-4A2A-B97F-DBEE92BBEF7B}.Debug|x64.Build.0 = Debug|Any CPU
		{3DB2E3FE-BCCD-4A2A-B97F-DBEE92BBEF7B}.Debug|x86.ActiveCfg = Debug|Any CPU
		{3DB2E3FE-BCCD-4A2A-B97F-DBEE92BBEF7B}.Debug|x86.Build.0 = Debug|Any CPU
		{3DB2E3FE-BCCD-4A2A-B97F-DBEE92BBEF7B}.Release|Any CPU.ActiveCfg = Release|Any CPU
		{3DB2E3FE-BCCD-4A2A-B97F-DBEE92BBEF7B}.Release|Any CPU.Build.0 = Release|Any CPU
		{3DB2E3FE-BCCD-4A2A-B97F-DBEE92BBEF7B}.Release|x64.ActiveCfg = Release|Any CPU
		{3DB2E3FE-BCCD-4A2A-B97F-DBEE92BBEF7B}.Release|x64.Build.0 = Release|Any CPU
		{3DB2E3FE-BCCD-4A2A-B97F-DBEE92BBEF7B}.Release|x86.ActiveCfg = Release|Any CPU
		{3DB2E3FE-BCCD-4A2A-B97F-DBEE92BBEF7B}.Release|x86.Build.0 = Release|Any CPU
		{E6B7FA9C-24A3-4990-9B50-5A1E4B2D514B}.Debug|Any CPU.ActiveCfg = Debug|Any CPU
		{E6B7FA9C-24A3-4990-9B50-5A1E4B2D514B}.Debug|Any CPU.Build.0 = Debug|Any CPU
		{E6B7FA9C-24A3-4990-9B50-5A1E4B2D514B}.Debug|x64.ActiveCfg = Debug|Any CPU
		{E6B7FA9C-24A3-4990-9B50-5A1E4B2D514B}.Debug|x64.Build.0 = Debug|Any CPU
		{E6B7FA9C-24A3-4990-9B50-5A1E4B2D514B}.Debug|x86.ActiveCfg = Debug|Any CPU
		{E6B7FA9C-24A3-4990-9B50-5A1E4B2D514B}.Debug|x86.Build.0 = Debug|Any CPU
		{E6B7FA9C-24A3-4990-9B50-5A1E4B2D514B}.Release|Any CPU.ActiveCfg = Release|Any CPU
		{E6B7FA9C-24A3-4990-9B50-5A1E4B2D514B}.Release|Any CPU.Build.0 = Release|Any CPU
		{E6B7FA9C-24A3-4990-9B50-5A1E4B2D514B}.Release|x64.ActiveCfg = Release|Any CPU
		{E6B7FA9C-24A3-4990-9B50-5A1E4B2D514B}.Release|x64.Build.0 = Release|Any CPU
		{E6B7FA9C-24A3-4990-9B50-5A1E4B2D514B}.Release|x86.ActiveCfg = Release|Any CPU
		{E6B7FA9C-24A3-4990-9B50-5A1E4B2D514B}.Release|x86.Build.0 = Release|Any CPU
		{A83148CF-71CA-46F5-B873-AED20046B972}.Debug|Any CPU.ActiveCfg = Debug|Any CPU
		{A83148CF-71CA-46F5-B873-AED20046B972}.Debug|Any CPU.Build.0 = Debug|Any CPU
		{A83148CF-71CA-46F5-B873-AED20046B972}.Debug|x64.ActiveCfg = Debug|Any CPU
		{A83148CF-71CA-46F5-B873-AED20046B972}.Debug|x64.Build.0 = Debug|Any CPU
		{A83148CF-71CA-46F5-B873-AED20046B972}.Debug|x86.ActiveCfg = Debug|Any CPU
		{A83148CF-71CA-46F5-B873-AED20046B972}.Debug|x86.Build.0 = Debug|Any CPU
		{A83148CF-71CA-46F5-B873-AED20046B972}.Release|Any CPU.ActiveCfg = Release|Any CPU
		{A83148CF-71CA-46F5-B873-AED20046B972}.Release|Any CPU.Build.0 = Release|Any CPU
		{A83148CF-71CA-46F5-B873-AED20046B972}.Release|x64.ActiveCfg = Release|Any CPU
		{A83148CF-71CA-46F5-B873-AED20046B972}.Release|x64.Build.0 = Release|Any CPU
		{A83148CF-71CA-46F5-B873-AED20046B972}.Release|x86.ActiveCfg = Release|Any CPU
		{A83148CF-71CA-46F5-B873-AED20046B972}.Release|x86.Build.0 = Release|Any CPU
		{9C022DB2-410E-497F-BA27-0D701AE3E509}.Debug|Any CPU.ActiveCfg = Debug|Any CPU
		{9C022DB2-410E-497F-BA27-0D701AE3E509}.Debug|Any CPU.Build.0 = Debug|Any CPU
		{9C022DB2-410E-497F-BA27-0D701AE3E509}.Debug|x64.ActiveCfg = Debug|Any CPU
		{9C022DB2-410E-497F-BA27-0D701AE3E509}.Debug|x64.Build.0 = Debug|Any CPU
		{9C022DB2-410E-497F-BA27-0D701AE3E509}.Debug|x86.ActiveCfg = Debug|Any CPU
		{9C022DB2-410E-497F-BA27-0D701AE3E509}.Debug|x86.Build.0 = Debug|Any CPU
		{9C022DB2-410E-497F-BA27-0D701AE3E509}.Release|Any CPU.ActiveCfg = Release|Any CPU
		{9C022DB2-410E-497F-BA27-0D701AE3E509}.Release|Any CPU.Build.0 = Release|Any CPU
		{9C022DB2-410E-497F-BA27-0D701AE3E509}.Release|x64.ActiveCfg = Release|Any CPU
		{9C022DB2-410E-497F-BA27-0D701AE3E509}.Release|x64.Build.0 = Release|Any CPU
		{9C022DB2-410E-497F-BA27-0D701AE3E509}.Release|x86.ActiveCfg = Release|Any CPU
		{9C022DB2-410E-497F-BA27-0D701AE3E509}.Release|x86.Build.0 = Release|Any CPU
		{1733FAB3-81DC-4F6D-A484-05F999C70446}.Debug|Any CPU.ActiveCfg = Debug|Any CPU
		{1733FAB3-81DC-4F6D-A484-05F999C70446}.Debug|Any CPU.Build.0 = Debug|Any CPU
		{1733FAB3-81DC-4F6D-A484-05F999C70446}.Debug|x64.ActiveCfg = Debug|Any CPU
		{1733FAB3-81DC-4F6D-A484-05F999C70446}.Debug|x64.Build.0 = Debug|Any CPU
		{1733FAB3-81DC-4F6D-A484-05F999C70446}.Debug|x86.ActiveCfg = Debug|Any CPU
		{1733FAB3-81DC-4F6D-A484-05F999C70446}.Debug|x86.Build.0 = Debug|Any CPU
		{1733FAB3-81DC-4F6D-A484-05F999C70446}.Release|Any CPU.ActiveCfg = Release|Any CPU
		{1733FAB3-81DC-4F6D-A484-05F999C70446}.Release|Any CPU.Build.0 = Release|Any CPU
		{1733FAB3-81DC-4F6D-A484-05F999C70446}.Release|x64.ActiveCfg = Release|Any CPU
		{1733FAB3-81DC-4F6D-A484-05F999C70446}.Release|x64.Build.0 = Release|Any CPU
		{1733FAB3-81DC-4F6D-A484-05F999C70446}.Release|x86.ActiveCfg = Release|Any CPU
		{1733FAB3-81DC-4F6D-A484-05F999C70446}.Release|x86.Build.0 = Release|Any CPU
	EndGlobalSection
	GlobalSection(SolutionProperties) = preSolution
		HideSolutionNode = FALSE
	EndGlobalSection
	GlobalSection(NestedProjects) = preSolution
		{6E99747A-7AC0-4EFB-A3AE-62B0D419DCDB} = {827E0CD3-B72D-47B6-A68D-7590B98EB39B}
		{7FE39105-3403-4F61-BEB5-81FBAD7B024D} = {827E0CD3-B72D-47B6-A68D-7590B98EB39B}
		{E53A213C-9862-4899-813A-2CA101374547} = {827E0CD3-B72D-47B6-A68D-7590B98EB39B}
		{351E3E8A-793B-43B7-8D66-39D73C21CDCD} = {827E0CD3-B72D-47B6-A68D-7590B98EB39B}
		{60EAE032-D727-4607-9209-62F3B56C6AD3} = {827E0CD3-B72D-47B6-A68D-7590B98EB39B}
		{3DB2E3FE-BCCD-4A2A-B97F-DBEE92BBEF7B} = {0AB3BF05-4346-4AA6-1389-037BE0695223}
		{E6B7FA9C-24A3-4990-9B50-5A1E4B2D514B} = {0AB3BF05-4346-4AA6-1389-037BE0695223}
		{A83148CF-71CA-46F5-B873-AED20046B972} = {0AB3BF05-4346-4AA6-1389-037BE0695223}
		{9C022DB2-410E-497F-BA27-0D701AE3E509} = {0AB3BF05-4346-4AA6-1389-037BE0695223}
		{1733FAB3-81DC-4F6D-A484-05F999C70446} = {827E0CD3-B72D-47B6-A68D-7590B98EB39B}
	EndGlobalSection
EndGlobal
